
Microsoft Visual Studio Solution File, Format Version 12.00
# Visual Studio Version 17
VisualStudioVersion = 17.9.34616.47
MinimumVisualStudioVersion = 10.0.40219.1
Project("{FAE04EC0-301F-11D3-BF4B-00C04F79EFBC}") = "PokeNombre", "PokeNombre.csproj", "{3FCCEFC5-5A3B-40A9-A773-40F5E97C3189}"
EndProject
Global
	GlobalSection(SolutionConfigurationPlatforms) = preSolution
		Debug|Any CPU = Debug|Any CPU
		Release|Any CPU = Release|Any CPU
	EndGlobalSection
	GlobalSection(ProjectConfigurationPlatforms) = postSolution
		{3FCCEFC5-5A3B-40A9-A773-40F5E97C3189}.Debug|Any CPU.ActiveCfg = Debug|Any CPU
		{3FCCEFC5-5A3B-40A9-A773-40F5E97C3189}.Debug|Any CPU.Build.0 = Debug|Any CPU
		{3FCCEFC5-5A3B-40A9-A773-40F5E97C3189}.Release|Any CPU.ActiveCfg = Release|Any CPU
		{3FCCEFC5-5A3B-40A9-A773-40F5E97C3189}.Release|Any CPU.Build.0 = Release|Any CPU
	EndGlobalSection
	GlobalSection(SolutionProperties) = preSolution
		HideSolutionNode = FALSE
	EndGlobalSection
	GlobalSection(ExtensibilityGlobals) = postSolution
		SolutionGuid = {FE8AC65F-5562-4DBA-9933-4CB5D504713B}
	EndGlobalSection
EndGlobal
